PODS:
  - LBBaseComponent (0.1.1):
    - LBBaseComponent/Base (= 0.1.1)
    - LBBaseComponent/Categories (= 0.1.1)
    - LBBaseComponent/Const (= 0.1.1)
    - LBBaseComponent/Util (= 0.1.1)
  - LBBaseComponent/Base (0.1.1)
  - LBBaseComponent/Categories (0.1.1)
  - LBBaseComponent/Const (0.1.1)
  - LBBaseComponent/Util (0.1.1)

DEPENDENCIES:
  - LBBaseComponent (from `../`)

EXTERNAL SOURCES:
  LBBaseComponent:
    :path: "../"

SPEC CHECKSUMS:
  LBBaseComponent: b7b319ddd700e54fc81986943efd8456b94141b6

PODFILE CHECKSUM: 5a66c00f7536bac2925de4059118df7dc10467ca

COCOAPODS: 1.5.3
