PODS:
  - LBBaseComponent (0.1.0):
    - LBBaseComponent/Base (= 0.1.0)
    - LBBaseComponent/Categories (= 0.1.0)
    - LBBaseComponent/Const (= 0.1.0)
    - LBBaseComponent/Util (= 0.1.0)
  - LBBaseComponent/Base (0.1.0)
  - LBBaseComponent/Categories (0.1.0)
  - LBBaseComponent/Const (0.1.0)
  - LBBaseComponent/Util (0.1.0)

DEPENDENCIES:
  - LBBaseComponent (from `../`)

EXTERNAL SOURCES:
  LBBaseComponent:
    :path: "../"

SPEC CHECKSUMS:
  LBBaseComponent: af352cfe309afc534e9ef353194cd39bfb8cb8fe

PODFILE CHECKSUM: 0fa1d6b94655e5e70e472040260da307e116e660

COCOAPODS: 1.5.3
